
Microsoft Visual Studio Solution File, Format Version 12.00
# Visual Studio Version 16
VisualStudioVersion = 16.0.30503.244
MinimumVisualStudioVersion = 10.0.40219.1
Project("{FAE04EC0-301F-11D3-BF4B-00C04F79EFBC}") = "PraktikumWeek14", "PraktikumWeek14\PraktikumWeek14.csproj", "{EA544113-762F-424D-8E53-C0F2BFB78297}"
EndProject
Global
	GlobalSection(SolutionConfigurationPlatforms) = preSolution
		Debug|Any CPU = Debug|Any CPU
		Release|Any CPU = Release|Any CPU
	EndGlobalSection
	GlobalSection(ProjectConfigurationPlatforms) = postSolution
		{EA544113-762F-424D-8E53-C0F2BFB78297}.Debug|Any CPU.ActiveCfg = Debug|Any CPU
		{EA544113-762F-424D-8E53-C0F2BFB78297}.Debug|Any CPU.Build.0 = Debug|Any CPU
		{EA544113-762F-424D-8E53-C0F2BFB78297}.Release|Any CPU.ActiveCfg = Release|Any CPU
		{EA544113-762F-424D-8E53-C0F2BFB78297}.Release|Any CPU.Build.0 = Release|Any CPU
	EndGlobalSection
	GlobalSection(SolutionProperties) = preSolution
		HideSolutionNode = FALSE
	EndGlobalSection
	GlobalSection(ExtensibilityGlobals) = postSolution
		SolutionGuid = {C5F94CFA-AB0E-450F-8C9F-E67041FA0DF6}
	EndGlobalSection
EndGlobal
